{
    "hash": "a599392b49153295c4431f1afdab2c40",
    "packages": [
        {
            "package": "doctrine/common",
            "version": "2.2.1"
        },
        {
            "package": "doctrine/mongodb",
            "version": "dev-master",
            "source-reference": "727a12d25ba12d18aa293bc6eb61f203a9545912"
        },
        {
            "package": "embedly/embedly-php",
            "version": "master",
            "source-reference": "master"
        },
        {
            "package": "fate/gravatar-php",
            "version": "dev-master",
            "source-reference": "0c5df5962b565af47245949e52bc1778ac356439"
        },
        {
            "package": "knplabs/knp-markdown-bundle",
            "version": "dev-master",
            "source-reference": "8a7637054b945c2fd5fbeece2cf98139fb79d8f3"
        },
        {
            "package": "kriswallsmith/assetic",
            "version": "dev-master",
            "source-reference": "2634d29cc193981761e3daf28e1afc6358bb43b1"
        },
        {
            "package": "mandango/mandango",
            "version": "master",
            "source-reference": "master"
        },
        {
            "package": "mandango/mondator",
            "version": "master",
            "source-reference": "master"
        },
        {
            "package": "predis/predis",
            "version": "dev-master",
            "source-reference": "5b6e4dc3ddc01fd1a40622d8e45f722cd7f84ca0"
        },
        {
            "package": "symfony/class-loader",
            "version": "dev-master",
            "source-reference": "da83c40b126ce8622fc052332b2c54a135ed976c"
        },
        {
            "package": "symfony/config",
            "version": "dev-master",
            "source-reference": "2360cb2273784f2b356c43dbcecfe1804730ee8d"
        },
        {
            "package": "symfony/console",
            "version": "dev-master",
            "source-reference": "5fcd408b7b34f3e544f9743cf33e179767e9a000"
        },
        {
            "package": "symfony/dependency-injection",
            "version": "dev-master",
            "source-reference": "64912f0a30b6c6db887980dd6299769033526fd2"
        },
        {
            "package": "symfony/event-dispatcher",
            "version": "dev-master",
            "source-reference": "502614d7dcd2260d0adaef19a344cbd42aa29adf"
        },
        {
            "package": "symfony/filesystem",
            "version": "dev-master",
            "source-reference": "f475e8299ff7bffbbd858bef85d3c80036f13877"
        },
        {
            "package": "symfony/framework-bundle",
            "version": "dev-master",
            "source-reference": "87048631486c2fd05c468f3ee9a94668c8bba24b"
        },
        {
            "package": "symfony/http-foundation",
            "version": "dev-master",
            "source-reference": "ec8ce75d0ec64dfe6de235a7c92282bae066532d"
        },
        {
            "package": "symfony/http-kernel",
            "version": "dev-master",
            "source-reference": "cb9201083399274f54437b8177bf983fc185f404"
        },
        {
            "package": "symfony/process",
            "version": "dev-master",
            "source-reference": "8cf4f692dacd94261548c12e90ef310a609a054c"
        },
        {
            "package": "symfony/routing",
            "version": "dev-master",
            "source-reference": "db09d0ee5032ab1320966ba7610c576ce7fb1368"
        },
        {
            "package": "symfony/templating",
            "version": "dev-master",
            "source-reference": "e56404d48ed30e9849991f7187f52c887b7e7184"
        },
        {
            "package": "symfony/translation",
            "version": "dev-master",
            "source-reference": "fdb2cdd093893b7912c98940f4dd6aacae66bdee"
        },
        {
            "package": "symfony/yaml",
            "version": "dev-master",
            "source-reference": "2552c643a158ee7fb6c52c0dd55806055c575841"
        },
        {
            "package": "twig/twig",
            "version": "dev-master",
            "source-reference": "6e2fd68e7b62d91692a7adfb959475ab9b840d99"
        }
    ],
    "aliases": []
}
